// !$*UTF8*$!
{
	archiveVersion = 1;
	classes = {
	};
	objectVersion = 56;
	objects = {

/* Begin PBXBuildFile section */
		E705BC472906E84900BBFA4E /* DetailsView.swift in Sources */ = {isa = PBXBuildFile; fileRef = E705BC462906E84900BBFA4E /* DetailsView.swift */; };
		E7437DAC290AB917000B8D6A /* pieView.swift in Sources */ = {isa = PBXBuildFile; fileRef = E7437DAB290AB917000B8D6A /* pieView.swift */; };
		E7437DAE290AC32C000B8D6A /* TaskRow.swift in Sources */ = {isa = PBXBuildFile; fileRef = E7437DAD290AC32C000B8D6A /* TaskRow.swift */; };
		E76AE783290926CA008E2E13 /* Tasks.xcdatamodeld in Sources */ = {isa = PBXBuildFile; fileRef = E76AE781290926CA008E2E13 /* Tasks.xcdatamodeld */; };
		E76AE7852909273D008E2E13 /* DataController.swift in Sources */ = {isa = PBXBuildFile; fileRef = E76AE7842909273D008E2E13 /* DataController.swift */; };
		E76AE787290933F0008E2E13 /* TaskList.swift in Sources */ = {isa = PBXBuildFile; fileRef = E76AE786290933F0008E2E13 /* TaskList.swift */; };
		E76C761429003EFC00D451E8 /* ikeApp.swift in Sources */ = {isa = PBXBuildFile; fileRef = E76C761329003EFC00D451E8 /* ikeApp.swift */; };
		E76C761629003EFC00D451E8 /* ContentView.swift in Sources */ = {isa = PBXBuildFile; fileRef = E76C761529003EFC00D451E8 /* ContentView.swift */; };
		E76C761829003EFC00D451E8 /* Assets.xcassets in Resources */ = {isa = PBXBuildFile; fileRef = E76C761729003EFC00D451E8 /* Assets.xcassets */; };
		E76C761C29003EFC00D451E8 /* Preview Assets.xcassets in Resources */ = {isa = PBXBuildFile; fileRef = E76C761B29003EFC00D451E8 /* Preview Assets.xcassets */; };
		E76C762629003EFD00D451E8 /* ikeTests.swift in Sources */ = {isa = PBXBuildFile; fileRef = E76C762529003EFD00D451E8 /* ikeTests.swift */; };
		E76C763029003EFD00D451E8 /* ikeUITests.swift in Sources */ = {isa = PBXBuildFile; fileRef = E76C762F29003EFD00D451E8 /* ikeUITests.swift */; };
		E76C763229003EFD00D451E8 /* ikeUITestsLaunchTests.swift in Sources */ = {isa = PBXBuildFile; fileRef = E76C763129003EFD00D451E8 /* ikeUITestsLaunchTests.swift */; };
/* End PBXBuildFile section */

/* Begin PBXContainerItemProxy section */
		E76C762229003EFD00D451E8 /* PBXContainerItemProxy */ = {
			isa = PBXContainerItemProxy;
			containerPortal = E76C760829003EFC00D451E8 /* Project object */;
			proxyType = 1;
			remoteGlobalIDString = E76C760F29003EFC00D451E8;
			remoteInfo = ike;
		};
		E76C762C29003EFD00D451E8 /* PBXContainerItemProxy */ = {
			isa = PBXContainerItemProxy;
			containerPortal = E76C760829003EFC00D451E8 /* Project object */;
			proxyType = 1;
			remoteGlobalIDString = E76C760F29003EFC00D451E8;
			remoteInfo = ike;
		};
/* End PBXContainerItemProxy section */

/* Begin PBXFileReference section */
		E705BC462906E84900BBFA4E /* DetailsView.swift */ = {isa = PBXFileReference; fileEncoding = 4; lastKnownFileType = sourcecode.swift; name = DetailsView.swift; path = "../../../PeakyCorders local copy/ike/ike/DetailsView.swift"; sourceTree = "<group>"; };
		E7437DAB290AB917000B8D6A /* pieView.swift */ = {isa = PBXFileReference; fileEncoding = 4; lastKnownFileType = sourcecode.swift; path = pieView.swift; sourceTree = "<group>"; };
		E7437DAD290AC32C000B8D6A /* TaskRow.swift */ = {isa = PBXFileReference; lastKnownFileType = sourcecode.swift; path = TaskRow.swift; sourceTree = "<group>"; };
		E76AE782290926CA008E2E13 /* Tasks.xcdatamodel */ = {isa = PBXFileReference; lastKnownFileType = wrapper.xcdatamodel; path = Tasks.xcdatamodel; sourceTree = "<group>"; };
		E76AE7842909273D008E2E13 /* DataController.swift */ = {isa = PBXFileReference; lastKnownFileType = sourcecode.swift; path = DataController.swift; sourceTree = "<group>"; };
		E76AE786290933F0008E2E13 /* TaskList.swift */ = {isa = PBXFileReference; lastKnownFileType = sourcecode.swift; path = TaskList.swift; sourceTree = "<group>"; };
		E76C761029003EFC00D451E8 /* ike.app */ = {isa = PBXFileReference; explicitFileType = wrapper.application; includeInIndex = 0; path = ike.app; sourceTree = BUILT_PRODUCTS_DIR; };
		E76C761329003EFC00D451E8 /* ikeApp.swift */ = {isa = PBXFileReference; lastKnownFileType = sourcecode.swift; path = ikeApp.swift; sourceTree = "<group>"; };
		E76C761529003EFC00D451E8 /* ContentView.swift */ = {isa = PBXFileReference; lastKnownFileType = sourcecode.swift; path = ContentView.swift; sourceTree = "<group>"; };
		E76C761729003EFC00D451E8 /* Assets.xcassets */ = {isa = PBXFileReference; lastKnownFileType = folder.assetcatalog; path = Assets.xcassets; sourceTree = "<group>"; };
		E76C761929003EFC00D451E8 /* ike.entitlements */ = {isa = PBXFileReference; lastKnownFileType = text.plist.entitlements; path = ike.entitlements; sourceTree = "<group>"; };
		E76C761B29003EFC00D451E8 /* Preview Assets.xcassets */ = {isa = PBXFileReference; lastKnownFileType = folder.assetcatalog; path = "Preview Assets.xcassets"; sourceTree = "<group>"; };
		E76C762129003EFD00D451E8 /* ikeTests.xctest */ = {isa = PBXFileReference; explicitFileType = wrapper.cfbundle; includeInIndex = 0; path = ikeTests.xctest; sourceTree = BUILT_PRODUCTS_DIR; };
		E76C762529003EFD00D451E8 /* ikeTests.swift */ = {isa = PBXFileReference; lastKnownFileType = sourcecode.swift; path = ikeTests.swift; sourceTree = "<group>"; };
		E76C762B29003EFD00D451E8 /* ikeUITests.xctest */ = {isa = PBXFileReference; explicitFileType = wrapper.cfbundle; includeInIndex = 0; path = ikeUITests.xctest; sourceTree = BUILT_PRODUCTS_DIR; };
		E76C762F29003EFD00D451E8 /* ikeUITests.swift */ = {isa = PBXFileReference; lastKnownFileType = sourcecode.swift; path = ikeUITests.swift; sourceTree = "<group>"; };
		E76C763129003EFD00D451E8 /* ikeUITestsLaunchTests.swift */ = {isa = PBXFileReference; lastKnownFileType = sourcecode.swift; path = ikeUITestsLaunchTests.swift; sourceTree = "<group>"; };
/* End PBXFileReference section */

/* Begin PBXFrameworksBuildPhase section */
		E76C760D29003EFC00D451E8 /* Frameworks */ = {
			isa = PBXFrameworksBuildPhase;
			buildActionMask = 2147483647;
			files = (
			);
			runOnlyForDeploymentPostprocessing = 0;
		};
		E76C761E29003EFD00D451E8 /* Frameworks */ = {
			isa = PBXFrameworksBuildPhase;
			buildActionMask = 2147483647;
			files = (
			);
			runOnlyForDeploymentPostprocessing = 0;
		};
		E76C762829003EFD00D451E8 /* Frameworks */ = {
			isa = PBXFrameworksBuildPhase;
			buildActionMask = 2147483647;
			files = (
			);
			runOnlyForDeploymentPostprocessing = 0;
		};
/* End PBXFrameworksBuildPhase section */

/* Begin PBXGroup section */
		E76C760729003EFC00D451E8 = {
			isa = PBXGroup;
			children = (
				E76C761229003EFC00D451E8 /* ike */,
				E76C762429003EFD00D451E8 /* ikeTests */,
				E76C762E29003EFD00D451E8 /* ikeUITests */,
				E76C761129003EFC00D451E8 /* Products */,
			);
			sourceTree = "<group>";
		};
		E76C761129003EFC00D451E8 /* Products */ = {
			isa = PBXGroup;
			children = (
				E76C761029003EFC00D451E8 /* ike.app */,
				E76C762129003EFD00D451E8 /* ikeTests.xctest */,
				E76C762B29003EFD00D451E8 /* ikeUITests.xctest */,
			);
			name = Products;
			sourceTree = "<group>";
		};
		E76C761229003EFC00D451E8 /* ike */ = {
			isa = PBXGroup;
			children = (
				E76AE781290926CA008E2E13 /* Tasks.xcdatamodeld */,
				E76AE786290933F0008E2E13 /* TaskList.swift */,
				E7437DAD290AC32C000B8D6A /* TaskRow.swift */,
				E7437DAB290AB917000B8D6A /* pieView.swift */,
				E76AE7842909273D008E2E13 /* DataController.swift */,
				E705BC462906E84900BBFA4E /* DetailsView.swift */,
				E76C761329003EFC00D451E8 /* ikeApp.swift */,
				E76C761529003EFC00D451E8 /* ContentView.swift */,
				E76C761729003EFC00D451E8 /* Assets.xcassets */,
				E76C761929003EFC00D451E8 /* ike.entitlements */,
				E76C761A29003EFC00D451E8 /* Preview Content */,
			);
			path = ike;
			sourceTree = "<group>";
		};
		E76C761A29003EFC00D451E8 /* Preview Content */ = {
			isa = PBXGroup;
			children = (
				E76C761B29003EFC00D451E8 /* Preview Assets.xcassets */,
			);
			path = "Preview Content";
			sourceTree = "<group>";
		};
		E76C762429003EFD00D451E8 /* ikeTests */ = {
			isa = PBXGroup;
			children = (
				E76C762529003EFD00D451E8 /* ikeTests.swift */,
			);
			path = ikeTests;
			sourceTree = "<group>";
		};
		E76C762E29003EFD00D451E8 /* ikeUITests */ = {
			isa = PBXGroup;
			children = (
				E76C762F29003EFD00D451E8 /* ikeUITests.swift */,
				E76C763129003EFD00D451E8 /* ikeUITestsLaunchTests.swift */,
			);
			path = ikeUITests;
			sourceTree = "<group>";
		};
/* End PBXGroup section */

/* Begin PBXNativeTarget section */
		E76C760F29003EFC00D451E8 /* ike */ = {
			isa = PBXNativeTarget;
			buildConfigurationList = E76C763529003EFD00D451E8 /* Build configuration list for PBXNativeTarget "ike" */;
			buildPhases = (
				E76C760C29003EFC00D451E8 /* Sources */,
				E76C760D29003EFC00D451E8 /* Frameworks */,
				E76C760E29003EFC00D451E8 /* Resources */,
			);
			buildRules = (
			);
			dependencies = (
			);
			name = ike;
			productName = ike;
			productReference = E76C761029003EFC00D451E8 /* ike.app */;
			productType = "com.apple.product-type.application";
		};
		E76C762029003EFD00D451E8 /* ikeTests */ = {
			isa = PBXNativeTarget;
			buildConfigurationList = E76C763829003EFD00D451E8 /* Build configuration list for PBXNativeTarget "ikeTests" */;
			buildPhases = (
				E76C761D29003EFD00D451E8 /* Sources */,
				E76C761E29003EFD00D451E8 /* Frameworks */,
				E76C761F29003EFD00D451E8 /* Resources */,
			);
			buildRules = (
			);
			dependencies = (
				E76C762329003EFD00D451E8 /* PBXTargetDependency */,
			);
			name = ikeTests;
			productName = ikeTests;
			productReference = E76C762129003EFD00D451E8 /* ikeTests.xctest */;
			productType = "com.apple.product-type.bundle.unit-test";
		};
		E76C762A29003EFD00D451E8 /* ikeUITests */ = {
			isa = PBXNativeTarget;
			buildConfigurationList = E76C763B29003EFD00D451E8 /* Build configuration list for PBXNativeTarget "ikeUITests" */;
			buildPhases = (
				E76C762729003EFD00D451E8 /* Sources */,
				E76C762829003EFD00D451E8 /* Frameworks */,
				E76C762929003EFD00D451E8 /* Resources */,
			);
			buildRules = (
			);
			dependencies = (
				E76C762D29003EFD00D451E8 /* PBXTargetDependency */,
			);
			name = ikeUITests;
			productName = ikeUITests;
			productReference = E76C762B29003EFD00D451E8 /* ikeUITests.xctest */;
			productType = "com.apple.product-type.bundle.ui-testing";
		};
/* End PBXNativeTarget section */

/* Begin PBXProject section */
		E76C760829003EFC00D451E8 /* Project object */ = {
			isa = PBXProject;
			attributes = {
				BuildIndependentTargetsInParallel = 1;
				LastSwiftUpdateCheck = 1400;
				LastUpgradeCheck = 1400;
				TargetAttributes = {
					E76C760F29003EFC00D451E8 = {
						CreatedOnToolsVersion = 14.0;
					};
					E76C762029003EFD00D451E8 = {
						CreatedOnToolsVersion = 14.0;
						TestTargetID = E76C760F29003EFC00D451E8;
					};
					E76C762A29003EFD00D451E8 = {
						CreatedOnToolsVersion = 14.0;
						TestTargetID = E76C760F29003EFC00D451E8;
					};
				};
			};
			buildConfigurationList = E76C760B29003EFC00D451E8 /* Build configuration list for PBXProject "ike" */;
			compatibilityVersion = "Xcode 14.0";
			developmentRegion = en;
			hasScannedForEncodings = 0;
			knownRegions = (
				en,
				Base,
			);
			mainGroup = E76C760729003EFC00D451E8;
			productRefGroup = E76C761129003EFC00D451E8 /* Products */;
			projectDirPath = "";
			projectRoot = "";
			targets = (
				E76C760F29003EFC00D451E8 /* ike */,
				E76C762029003EFD00D451E8 /* ikeTests */,
				E76C762A29003EFD00D451E8 /* ikeUITests */,
			);
		};
/* End PBXProject section */

/* Begin PBXResourcesBuildPhase section */
		E76C760E29003EFC00D451E8 /* Resources */ = {
			isa = PBXResourcesBuildPhase;
			buildActionMask = 2147483647;
			files = (
				E76C761C29003EFC00D451E8 /* Preview Assets.xcassets in Resources */,
				E76C761829003EFC00D451E8 /* Assets.xcassets in Resources */,
			);
			runOnlyForDeploymentPostprocessing = 0;
		};
		E76C761F29003EFD00D451E8 /* Resources */ = {
			isa = PBXResourcesBuildPhase;
			buildActionMask = 2147483647;
			files = (
			);
			runOnlyForDeploymentPostprocessing = 0;
		};
		E76C762929003EFD00D451E8 /* Resources */ = {
			isa = PBXResourcesBuildPhase;
			buildActionMask = 2147483647;
			files = (
			);
			runOnlyForDeploymentPostprocessing = 0;
		};
/* End PBXResourcesBuildPhase section */

/* Begin PBXSourcesBuildPhase section */
		E76C760C29003EFC00D451E8 /* Sources */ = {
			isa = PBXSourcesBuildPhase;
			buildActionMask = 2147483647;
			files = (
				E76AE787290933F0008E2E13 /* TaskList.swift in Sources */,
				E7437DAC290AB917000B8D6A /* pieView.swift in Sources */,
				E76C761629003EFC00D451E8 /* ContentView.swift in Sources */,
				E7437DAE290AC32C000B8D6A /* TaskRow.swift in Sources */,
				E76AE7852909273D008E2E13 /* DataController.swift in Sources */,
				E705BC472906E84900BBFA4E /* DetailsView.swift in Sources */,
				E76AE783290926CA008E2E13 /* Tasks.xcdatamodeld in Sources */,
				E76C761429003EFC00D451E8 /* ikeApp.swift in Sources */,
			);
			runOnlyForDeploymentPostprocessing = 0;
		};
		E76C761D29003EFD00D451E8 /* Sources */ = {
			isa = PBXSourcesBuildPhase;
			buildActionMask = 2147483647;
			files = (
				E76C762629003EFD00D451E8 /* ikeTests.swift in Sources */,
			);
			runOnlyForDeploymentPostprocessing = 0;
		};
		E76C762729003EFD00D451E8 /* Sources */ = {
			isa = PBXSourcesBuildPhase;
			buildActionMask = 2147483647;
			files = (
				E76C763229003EFD00D451E8 /* ikeUITestsLaunchTests.swift in Sources */,
				E76C763029003EFD00D451E8 /* ikeUITests.swift in Sources */,
			);
			runOnlyForDeploymentPostprocessing = 0;
		};
/* End PBXSourcesBuildPhase section */

/* Begin PBXTargetDependency section */
		E76C762329003EFD00D451E8 /* PBXTargetDependency */ = {
			isa = PBXTargetDependency;
			target = E76C760F29003EFC00D451E8 /* ike */;
			targetProxy = E76C762229003EFD00D451E8 /* PBXContainerItemProxy */;
		};
		E76C762D29003EFD00D451E8 /* PBXTargetDependency */ = {
			isa = PBXTargetDependency;
			target = E76C760F29003EFC00D451E8 /* ike */;
			targetProxy = E76C762C29003EFD00D451E8 /* PBXContainerItemProxy */;
		};
/* End PBXTargetDependency section */

/* Begin XCBuildConfiguration section */
		E76C763329003EFD00D451E8 /* Debug */ = {
			isa = XCBuildConfiguration;
			buildSettings = {
				ALWAYS_SEARCH_USER_PATHS = NO;
				CLANG_ANALYZER_NONNULL = YES;
				CLANG_ANALYZER_NUMBER_OBJECT_CONVERSION = YES_AGGRESSIVE;
				CLANG_CXX_LANGUAGE_STANDARD = "gnu++20";
				CLANG_ENABLE_MODULES = YES;
				CLANG_ENABLE_OBJC_ARC = YES;
				CLANG_ENABLE_OBJC_WEAK = YES;
				CLANG_WARN_BLOCK_CAPTURE_AUTORELEASING = YES;
				CLANG_WARN_BOOL_CONVERSION = YES;
				CLANG_WARN_COMMA = YES;
				CLANG_WARN_CONSTANT_CONVERSION = YES;
				CLANG_WARN_DEPRECATED_OBJC_IMPLEMENTATIONS = YES;
				CLANG_WARN_DIRECT_OBJC_ISA_USAGE = YES_ERROR;
				CLANG_WARN_DOCUMENTATION_COMMENTS = YES;
				CLANG_WARN_EMPTY_BODY = YES;
				CLANG_WARN_ENUM_CONVERSION = YES;
				CLANG_WARN_INFINITE_RECURSION = YES;
				CLANG_WARN_INT_CONVERSION = YES;
				CLANG_WARN_NON_LITERAL_NULL_CONVERSION = YES;
				CLANG_WARN_OBJC_IMPLICIT_RETAIN_SELF = YES;
				CLANG_WARN_OBJC_LITERAL_CONVERSION = YES;
				CLANG_WARN_OBJC_ROOT_CLASS = YES_ERROR;
				CLANG_WARN_QUOTED_INCLUDE_IN_FRAMEWORK_HEADER = YES;
				CLANG_WARN_RANGE_LOOP_ANALYSIS = YES;
				CLANG_WARN_STRICT_PROTOTYPES = YES;
				CLANG_WARN_SUSPICIOUS_MOVE = YES;
				CLANG_WARN_UNGUARDED_AVAILABILITY = YES_AGGRESSIVE;
				CLANG_WARN_UNREACHABLE_CODE = YES;
				CLANG_WARN__DUPLICATE_METHOD_MATCH = YES;
				COPY_PHASE_STRIP = NO;
				DEBUG_INFORMATION_FORMAT = dwarf;
				ENABLE_STRICT_OBJC_MSGSEND = YES;
				ENABLE_TESTABILITY = YES;
				GCC_C_LANGUAGE_STANDARD = gnu11;
				GCC_DYNAMIC_NO_PIC = NO;
				GCC_NO_COMMON_BLOCKS = YES;
				GCC_OPTIMIZATION_LEVEL = 0;
				GCC_PREPROCESSOR_DEFINITIONS = (
					"DEBUG=1",
					"$(inherited)",
				);
				GCC_WARN_64_TO_32_BIT_CONVERSION = YES;
				GCC_WARN_ABOUT_RETURN_TYPE = YES_ERROR;
				GCC_WARN_UNDECLARED_SELECTOR = YES;
				GCC_WARN_UNINITIALIZED_AUTOS = YES_AGGRESSIVE;
				GCC_WARN_UNUSED_FUNCTION = YES;
				GCC_WARN_UNUSED_VARIABLE = YES;
				MTL_ENABLE_DEBUG_INFO = INCLUDE_SOURCE;
				MTL_FAST_MATH = YES;
				ONLY_ACTIVE_ARCH = YES;
				SWIFT_ACTIVE_COMPILATION_CONDITIONS = DEBUG;
				SWIFT_OPTIMIZATION_LEVEL = "-Onone";
			};
			name = Debug;
		};
		E76C763429003EFD00D451E8 /* Release */ = {
			isa = XCBuildConfiguration;
			buildSettings = {
				ALWAYS_SEARCH_USER_PATHS = NO;
				CLANG_ANALYZER_NONNULL = YES;
				CLANG_ANALYZER_NUMBER_OBJECT_CONVERSION = YES_AGGRESSIVE;
				CLANG_CXX_LANGUAGE_STANDARD = "gnu++20";
				CLANG_ENABLE_MODULES = YES;
				CLANG_ENABLE_OBJC_ARC = YES;
				CLANG_ENABLE_OBJC_WEAK = YES;
				CLANG_WARN_BLOCK_CAPTURE_AUTORELEASING = YES;
				CLANG_WARN_BOOL_CONVERSION = YES;
				CLANG_WARN_COMMA = YES;
				CLANG_WARN_CONSTANT_CONVERSION = YES;
				CLANG_WARN_DEPRECATED_OBJC_IMPLEMENTATIONS = YES;
				CLANG_WARN_DIRECT_OBJC_ISA_USAGE = YES_ERROR;
				CLANG_WARN_DOCUMENTATION_COMMENTS = YES;
				CLANG_WARN_EMPTY_BODY = YES;
				CLANG_WARN_ENUM_CONVERSION = YES;
				CLANG_WARN_INFINITE_RECURSION = YES;
				CLANG_WARN_INT_CONVERSION = YES;
				CLANG_WARN_NON_LITERAL_NULL_CONVERSION = YES;
				CLANG_WARN_OBJC_IMPLICIT_RETAIN_SELF = YES;
				CLANG_WARN_OBJC_LITERAL_CONVERSION = YES;
				CLANG_WARN_OBJC_ROOT_CLASS = YES_ERROR;
				CLANG_WARN_QUOTED_INCLUDE_IN_FRAMEWORK_HEADER = YES;
				CLANG_WARN_RANGE_LOOP_ANALYSIS = YES;
				CLANG_WARN_STRICT_PROTOTYPES = YES;
				CLANG_WARN_SUSPICIOUS_MOVE = YES;
				CLANG_WARN_UNGUARDED_AVAILABILITY = YES_AGGRESSIVE;
				CLANG_WARN_UNREACHABLE_CODE = YES;
				CLANG_WARN__DUPLICATE_METHOD_MATCH = YES;
				COPY_PHASE_STRIP = NO;
				DEBUG_INFORMATION_FORMAT = "dwarf-with-dsym";
				ENABLE_NS_ASSERTIONS = NO;
				ENABLE_STRICT_OBJC_MSGSEND = YES;
				GCC_C_LANGUAGE_STANDARD = gnu11;
				GCC_NO_COMMON_BLOCKS = YES;
				GCC_WARN_64_TO_32_BIT_CONVERSION = YES;
				GCC_WARN_ABOUT_RETURN_TYPE = YES_ERROR;
				GCC_WARN_UNDECLARED_SELECTOR = YES;
				GCC_WARN_UNINITIALIZED_AUTOS = YES_AGGRESSIVE;
				GCC_WARN_UNUSED_FUNCTION = YES;
				GCC_WARN_UNUSED_VARIABLE = YES;
				MTL_ENABLE_DEBUG_INFO = NO;
				MTL_FAST_MATH = YES;
				SWIFT_COMPILATION_MODE = wholemodule;
				SWIFT_OPTIMIZATION_LEVEL = "-O";
			};
			name = Release;
		};
		E76C763629003EFD00D451E8 /* Debug */ = {
			isa = XCBuildConfiguration;
			buildSettings = {
				ASSETCATALOG_COMPILER_APPICON_NAME = AppIcon;
				ASSETCATALOG_COMPILER_GLOBAL_ACCENT_COLOR_NAME = AccentColor;
				CODE_SIGN_ENTITLEMENTS = ike/ike.entitlements;
				CODE_SIGN_STYLE = Automatic;
				CURRENT_PROJECT_VERSION = 1;
				DEVELOPMENT_ASSET_PATHS = "\"ike/Preview Content\"";
				DEVELOPMENT_TEAM = AW53X29GKN;
				ENABLE_HARDENED_RUNTIME = YES;
				ENABLE_PREVIEWS = YES;
				GENERATE_INFOPLIST_FILE = YES;
				"INFOPLIST_KEY_UIApplicationSceneManifest_Generation[sdk=iphoneos*]" = YES;
				"INFOPLIST_KEY_UIApplicationSceneManifest_Generation[sdk=iphonesimulator*]" = YES;
				"INFOPLIST_KEY_UIApplicationSupportsIndirectInputEvents[sdk=iphoneos*]" = YES;
				"INFOPLIST_KEY_UIApplicationSupportsIndirectInputEvents[sdk=iphonesimulator*]" = YES;
				"INFOPLIST_KEY_UILaunchScreen_Generation[sdk=iphoneos*]" = YES;
				"INFOPLIST_KEY_UILaunchScreen_Generation[sdk=iphonesimulator*]" = YES;
				"INFOPLIST_KEY_UIStatusBarStyle[sdk=iphoneos*]" = UIStatusBarStyleDefault;
				"INFOPLIST_KEY_UIStatusBarStyle[sdk=iphonesimulator*]" = UIStatusBarStyleDefault;
				INFOPLIST_KEY_UISupportedInterfaceOrientations_iPad = "UIInterfaceOrientationPortrait UIInterfaceOrientationPortraitUpsideDown UIInterfaceOrientationLandscapeLeft UIInterfaceOrientationLandscapeRight";
				INFOPLIST_KEY_UISupportedInterfaceOrientations_iPhone = "UIInterfaceOrientationPortrait UIInterfaceOrientationLandscapeLeft UIInterfaceOrientationLandscapeRight";
				IPHONEOS_DEPLOYMENT_TARGET = 16.0;
				LD_RUNPATH_SEARCH_PATHS = "@executable_path/Frameworks";
				"LD_RUNPATH_SEARCH_PATHS[sdk=macosx*]" = "@executable_path/../Frameworks";
				MACOSX_DEPLOYMENT_TARGET = 12.3;
				MARKETING_VERSION = 1.0;
				PRODUCT_BUNDLE_IDENTIFIER = com.peakycoders.ike;
				PRODUCT_NAME = "$(TARGET_NAME)";
				SDKROOT = auto;
				SUPPORTED_PLATFORMS = "iphoneos iphonesimulator macosx";
				SWIFT_EMIT_LOC_STRINGS = YES;
				SWIFT_VERSION = 5.0;
				TARGETED_DEVICE_FAMILY = "1,2";
			};
			name = Debug;
		};
		E76C763729003EFD00D451E8 /* Release */ = {
			isa = XCBuildConfiguration;
			buildSettings = {
				ASSETCATALOG_COMPILER_APPICON_NAME = AppIcon;
				ASSETCATALOG_COMPILER_GLOBAL_ACCENT_COLOR_NAME = AccentColor;
				CODE_SIGN_ENTITLEMENTS = ike/ike.entitlements;
				CODE_SIGN_STYLE = Automatic;
				CURRENT_PROJECT_VERSION = 1;
				DEVELOPMENT_ASSET_PATHS = "\"ike/Preview Content\"";
				DEVELOPMENT_TEAM = AW53X29GKN;
				ENABLE_HARDENED_RUNTIME = YES;
				ENABLE_PREVIEWS = YES;
				GENERATE_INFOPLIST_FILE = YES;
				"INFOPLIST_KEY_UIApplicationSceneManifest_Generation[sdk=iphoneos*]" = YES;
				"INFOPLIST_KEY_UIApplicationSceneManifest_Generation[sdk=iphonesimulator*]" = YES;
				"INFOPLIST_KEY_UIApplicationSupportsIndirectInputEvents[sdk=iphoneos*]" = YES;
				"INFOPLIST_KEY_UIApplicationSupportsIndirectInputEvents[sdk=iphonesimulator*]" = YES;
				"INFOPLIST_KEY_UILaunchScreen_Generation[sdk=iphoneos*]" = YES;
				"INFOPLIST_KEY_UILaunchScreen_Generation[sdk=iphonesimulator*]" = YES;
				"INFOPLIST_KEY_UIStatusBarStyle[sdk=iphoneos*]" = UIStatusBarStyleDefault;
				"INFOPLIST_KEY_UIStatusBarStyle[sdk=iphonesimulator*]" = UIStatusBarStyleDefault;
				INFOPLIST_KEY_UISupportedInterfaceOrientations_iPad = "UIInterfaceOrientationPortrait UIInterfaceOrientationPortraitUpsideDown UIInterfaceOrientationLandscapeLeft UIInterfaceOrientationLandscapeRight";
				INFOPLIST_KEY_UISupportedInterfaceOrientations_iPhone = "UIInterfaceOrientationPortrait UIInterfaceOrientationLandscapeLeft UIInterfaceOrientationLandscapeRight";
				IPHONEOS_DEPLOYMENT_TARGET = 16.0;
				LD_RUNPATH_SEARCH_PATHS = "@executable_path/Frameworks";
				"LD_RUNPATH_SEARCH_PATHS[sdk=macosx*]" = "@executable_path/../Frameworks";
				MACOSX_DEPLOYMENT_TARGET = 12.3;
				MARKETING_VERSION = 1.0;
				PRODUCT_BUNDLE_IDENTIFIER = com.peakycoders.ike;
				PRODUCT_NAME = "$(TARGET_NAME)";
				SDKROOT = auto;
				SUPPORTED_PLATFORMS = "iphoneos iphonesimulator macosx";
				SWIFT_EMIT_LOC_STRINGS = YES;
				SWIFT_VERSION = 5.0;
				TARGETED_DEVICE_FAMILY = "1,2";
			};
			name = Release;
		};
		E76C763929003EFD00D451E8 /* Debug */ = {
			isa = XCBuildConfiguration;
			buildSettings = {
				ALWAYS_EMBED_SWIFT_STANDARD_LIBRARIES = YES;
				BUNDLE_LOADER = "$(TEST_HOST)";
				CODE_SIGN_STYLE = Automatic;
				CURRENT_PROJECT_VERSION = 1;
				DEVELOPMENT_TEAM = AW53X29GKN;
				GENERATE_INFOPLIST_FILE = YES;
				IPHONEOS_DEPLOYMENT_TARGET = 16.0;
				MACOSX_DEPLOYMENT_TARGET = 12.3;
				MARKETING_VERSION = 1.0;
				PRODUCT_BUNDLE_IDENTIFIER = com.peakycoders.ikeTests;
				PRODUCT_NAME = "$(TARGET_NAME)";
				SDKROOT = auto;
				SUPPORTED_PLATFORMS = "iphoneos iphonesimulator macosx";
				SWIFT_EMIT_LOC_STRINGS = NO;
				SWIFT_VERSION = 5.0;
				TARGETED_DEVICE_FAMILY = "1,2";
				TEST_HOST = "$(BUILT_PRODUCTS_DIR)/ike.app/$(BUNDLE_EXECUTABLE_FOLDER_PATH)/ike";
			};
			name = Debug;
		};
		E76C763A29003EFD00D451E8 /* Release */ = {
			isa = XCBuildConfiguration;
			buildSettings = {
				ALWAYS_EMBED_SWIFT_STANDARD_LIBRARIES = YES;
				BUNDLE_LOADER = "$(TEST_HOST)";
				CODE_SIGN_STYLE = Automatic;
				CURRENT_PROJECT_VERSION = 1;
				DEVELOPMENT_TEAM = AW53X29GKN;
				GENERATE_INFOPLIST_FILE = YES;
				IPHONEOS_DEPLOYMENT_TARGET = 16.0;
				MACOSX_DEPLOYMENT_TARGET = 12.3;
				MARKETING_VERSION = 1.0;
				PRODUCT_BUNDLE_IDENTIFIER = com.peakycoders.ikeTests;
				PRODUCT_NAME = "$(TARGET_NAME)";
				SDKROOT = auto;
				SUPPORTED_PLATFORMS = "iphoneos iphonesimulator macosx";
				SWIFT_EMIT_LOC_STRINGS = NO;
				SWIFT_VERSION = 5.0;
				TARGETED_DEVICE_FAMILY = "1,2";
				TEST_HOST = "$(BUILT_PRODUCTS_DIR)/ike.app/$(BUNDLE_EXECUTABLE_FOLDER_PATH)/ike";
			};
			name = Release;
		};
		E76C763C29003EFD00D451E8 /* Debug */ = {
			isa = XCBuildConfiguration;
			buildSettings = {
				ALWAYS_EMBED_SWIFT_STANDARD_LIBRARIES = YES;
				CODE_SIGN_STYLE = Automatic;
				CURRENT_PROJECT_VERSION = 1;
				DEVELOPMENT_TEAM = AW53X29GKN;
				GENERATE_INFOPLIST_FILE = YES;
				IPHONEOS_DEPLOYMENT_TARGET = 16.0;
				MACOSX_DEPLOYMENT_TARGET = 12.3;
				MARKETING_VERSION = 1.0;
				PRODUCT_BUNDLE_IDENTIFIER = com.peakycoders.ikeUITests;
				PRODUCT_NAME = "$(TARGET_NAME)";
				SDKROOT = auto;
				SUPPORTED_PLATFORMS = "iphoneos iphonesimulator macosx";
				SWIFT_EMIT_LOC_STRINGS = NO;
				SWIFT_VERSION = 5.0;
				TARGETED_DEVICE_FAMILY = "1,2";
				TEST_TARGET_NAME = ike;
			};
			name = Debug;
		};
		E76C763D29003EFD00D451E8 /* Release */ = {
			isa = XCBuildConfiguration;
			buildSettings = {
				ALWAYS_EMBED_SWIFT_STANDARD_LIBRARIES = YES;
				CODE_SIGN_STYLE = Automatic;
				CURRENT_PROJECT_VERSION = 1;
				DEVELOPMENT_TEAM = AW53X29GKN;
				GENERATE_INFOPLIST_FILE = YES;
				IPHONEOS_DEPLOYMENT_TARGET = 16.0;
				MACOSX_DEPLOYMENT_TARGET = 12.3;
				MARKETING_VERSION = 1.0;
				PRODUCT_BUNDLE_IDENTIFIER = com.peakycoders.ikeUITests;
				PRODUCT_NAME = "$(TARGET_NAME)";
				SDKROOT = auto;
				SUPPORTED_PLATFORMS = "iphoneos iphonesimulator macosx";
				SWIFT_EMIT_LOC_STRINGS = NO;
				SWIFT_VERSION = 5.0;
				TARGETED_DEVICE_FAMILY = "1,2";
				TEST_TARGET_NAME = ike;
			};
			name = Release;
		};
/* End XCBuildConfiguration section */

/* Begin XCConfigurationList section */
		E76C760B29003EFC00D451E8 /* Build configuration list for PBXProject "ike" */ = {
			isa = XCConfigurationList;
			buildConfigurations = (
				E76C763329003EFD00D451E8 /* Debug */,
				E76C763429003EFD00D451E8 /* Release */,
			);
			defaultConfigurationIsVisible = 0;
			defaultConfigurationName = Release;
		};
		E76C763529003EFD00D451E8 /* Build configuration list for PBXNativeTarget "ike" */ = {
			isa = XCConfigurationList;
			buildConfigurations = (
				E76C763629003EFD00D451E8 /* Debug */,
				E76C763729003EFD00D451E8 /* Release */,
			);
			defaultConfigurationIsVisible = 0;
			defaultConfigurationName = Release;
		};
		E76C763829003EFD00D451E8 /* Build configuration list for PBXNativeTarget "ikeTests" */ = {
			isa = XCConfigurationList;
			buildConfigurations = (
				E76C763929003EFD00D451E8 /* Debug */,
				E76C763A29003EFD00D451E8 /* Release */,
			);
			defaultConfigurationIsVisible = 0;
			defaultConfigurationName = Release;
		};
		E76C763B29003EFD00D451E8 /* Build configuration list for PBXNativeTarget "ikeUITests" */ = {
			isa = XCConfigurationList;
			buildConfigurations = (
				E76C763C29003EFD00D451E8 /* Debug */,
				E76C763D29003EFD00D451E8 /* Release */,
			);
			defaultConfigurationIsVisible = 0;
			defaultConfigurationName = Release;
		};
/* End XCConfigurationList section */

/* Begin XCVersionGroup section */
		E76AE781290926CA008E2E13 /* Tasks.xcdatamodeld */ = {
			isa = XCVersionGroup;
			children = (
				E76AE782290926CA008E2E13 /* Tasks.xcdatamodel */,
			);
			currentVersion = E76AE782290926CA008E2E13 /* Tasks.xcdatamodel */;
			path = Tasks.xcdatamodeld;
			sourceTree = "<group>";
			versionGroupType = wrapper.xcdatamodel;
		};
/* End XCVersionGroup section */
	};
	rootObject = E76C760829003EFC00D451E8 /* Project object */;
}
